{
  "name": "AR_ATUA",
  "version": "0.1.1",
  "lockfileVersion": 1,
  "requires": true,
  "dependencies": {
    "three-collada-loader": {
      "version": "0.0.1",
      "resolved": "https://registry.npmjs.org/three-collada-loader/-/three-collada-loader-0.0.1.tgz",
      "integrity": "sha1-R8OIVGTXSRYHTZGgtp6cZgw8IZs="
    }
  }
}
